// !$*UTF8*$!
{
	archiveVersion = 1;
	classes = {
	};
	objectVersion = 48;
	objects = {

/* Begin PBXBuildFile section */
		744B3FC22096EDC40079D28F /* AppDelegate.swift in Sources */ = {isa = PBXBuildFile; fileRef = 744B3FC12096EDC40079D28F /* AppDelegate.swift */; };
		744B3FC42096EDC40079D28F /* ViewController.swift in Sources */ = {isa = PBXBuildFile; fileRef = 744B3FC32096EDC40079D28F /* ViewController.swift */; };
		744B3FC72096EDC40079D28F /* Main.storyboard in Resources */ = {isa = PBXBuildFile; fileRef = 744B3FC52096EDC40079D28F /* Main.storyboard */; };
		744B3FC92096EDC40079D28F /* Assets.xcassets in Resources */ = {isa = PBXBuildFile; fileRef = 744B3FC82096EDC40079D28F /* Assets.xcassets */; };
		744B3FCC2096EDC40079D28F /* LaunchScreen.storyboard in Resources */ = {isa = PBXBuildFile; fileRef = 744B3FCA2096EDC40079D28F /* LaunchScreen.storyboard */; };
		744B3FD62096F59F0079D28F /* frame1.png in Resources */ = {isa = PBXBuildFile; fileRef = 744B3FD52096F59F0079D28F /* frame1.png */; };
		744B3FD82096F5A40079D28F /* frame2.png in Resources */ = {isa = PBXBuildFile; fileRef = 744B3FD72096F5A40079D28F /* frame2.png */; };
		744B3FDA2096F5A90079D28F /* frame3.png in Resources */ = {isa = PBXBuildFile; fileRef = 744B3FD92096F5A90079D28F /* frame3.png */; };
/* End PBXBuildFile section */

/* Begin PBXFileReference section */
		744B3FBE2096EDC40079D28F /* TableView Test.app */ = {isa = PBXFileReference; explicitFileType = wrapper.application; includeInIndex = 0; path = "TableView Test.app"; sourceTree = BUILT_PRODUCTS_DIR; };
		744B3FC12096EDC40079D28F /* AppDelegate.swift */ = {isa = PBXFileReference; lastKnownFileType = sourcecode.swift; path = AppDelegate.swift; sourceTree = "<group>"; };
		744B3FC32096EDC40079D28F /* ViewController.swift */ = {isa = PBXFileReference; lastKnownFileType = sourcecode.swift; path = ViewController.swift; sourceTree = "<group>"; };
		744B3FC62096EDC40079D28F /* Base */ = {isa = PBXFileReference; lastKnownFileType = file.storyboard; name = Base; path = Base.lproj/Main.storyboard; sourceTree = "<group>"; };
		744B3FC82096EDC40079D28F /* Assets.xcassets */ = {isa = PBXFileReference; lastKnownFileType = folder.assetcatalog; path = Assets.xcassets; sourceTree = "<group>"; };
		744B3FCB2096EDC40079D28F /* Base */ = {isa = PBXFileReference; lastKnownFileType = file.storyboard; name = Base; path = Base.lproj/LaunchScreen.storyboard; sourceTree = "<group>"; };
		744B3FCD2096EDC40079D28F /* Info.plist */ = {isa = PBXFileReference; lastKnownFileType = text.plist.xml; path = Info.plist; sourceTree = "<group>"; };
		744B3FD52096F59F0079D28F /* frame1.png */ = {isa = PBXFileReference; lastKnownFileType = image.png; name = frame1.png; path = ../../../Alien/frame1.png; sourceTree = "<group>"; };
		744B3FD72096F5A40079D28F /* frame2.png */ = {isa = PBXFileReference; lastKnownFileType = image.png; path = frame2.png; sourceTree = "<group>"; };
		744B3FD92096F5A90079D28F /* frame3.png */ = {isa = PBXFileReference; lastKnownFileType = image.png; path = frame3.png; sourceTree = "<group>"; };
/* End PBXFileReference section */

/* Begin PBXFrameworksBuildPhase section */
		744B3FBB2096EDC40079D28F /* Frameworks */ = {
			isa = PBXFrameworksBuildPhase;
			buildActionMask = 2147483647;
			files = (
			);
			runOnlyForDeploymentPostprocessing = 0;
		};
/* End PBXFrameworksBuildPhase section */

/* Begin PBXGroup section */
		744B3FB52096EDC40079D28F = {
			isa = PBXGroup;
			children = (
				744B3FC02096EDC40079D28F /* TableView Test */,
				744B3FBF2096EDC40079D28F /* Products */,
			);
			sourceTree = "<group>";
		};
		744B3FBF2096EDC40079D28F /* Products */ = {
			isa = PBXGroup;
			children = (
				744B3FBE2096EDC40079D28F /* TableView Test.app */,
			);
			name = Products;
			sourceTree = "<group>";
		};
		744B3FC02096EDC40079D28F /* TableView Test */ = {
			isa = PBXGroup;
			children = (
				744B3FC12096EDC40079D28F /* AppDelegate.swift */,
				744B3FC32096EDC40079D28F /* ViewController.swift */,
				744B3FD52096F59F0079D28F /* frame1.png */,
				744B3FD72096F5A40079D28F /* frame2.png */,
				744B3FD92096F5A90079D28F /* frame3.png */,
				744B3FC52096EDC40079D28F /* Main.storyboard */,
				744B3FC82096EDC40079D28F /* Assets.xcassets */,
				744B3FCA2096EDC40079D28F /* LaunchScreen.storyboard */,
				744B3FCD2096EDC40079D28F /* Info.plist */,
			);
			path = "TableView Test";
			sourceTree = "<group>";
		};
/* End PBXGroup section */

/* Begin PBXNativeTarget section */
		744B3FBD2096EDC40079D28F /* TableView Test */ = {
			isa = PBXNativeTarget;
			buildConfigurationList = 744B3FD02096EDC40079D28F /* Build configuration list for PBXNativeTarget "TableView Test" */;
			buildPhases = (
				744B3FBA2096EDC40079D28F /* Sources */,
				744B3FBB2096EDC40079D28F /* Frameworks */,
				744B3FBC2096EDC40079D28F /* Resources */,
			);
			buildRules = (
			);
			dependencies = (
			);
			name = "TableView Test";
			productName = "TableView Test";
			productReference = 744B3FBE2096EDC40079D28F /* TableView Test.app */;
			productType = "com.apple.product-type.application";
		};
/* End PBXNativeTarget section */

/* Begin PBXProject section */
		744B3FB62096EDC40079D28F /* Project object */ = {
			isa = PBXProject;
			attributes = {
				LastSwiftUpdateCheck = 0920;
				LastUpgradeCheck = 0920;
				ORGANIZATIONNAME = D7703_02;
				TargetAttributes = {
					744B3FBD2096EDC40079D28F = {
						CreatedOnToolsVersion = 9.2;
						ProvisioningStyle = Automatic;
					};
				};
			};
			buildConfigurationList = 744B3FB92096EDC40079D28F /* Build configuration list for PBXProject "TableView Test" */;
			compatibilityVersion = "Xcode 8.0";
			developmentRegion = en;
			hasScannedForEncodings = 0;
			knownRegions = (
				en,
				Base,
			);
			mainGroup = 744B3FB52096EDC40079D28F;
			productRefGroup = 744B3FBF2096EDC40079D28F /* Products */;
			projectDirPath = "";
			projectRoot = "";
			targets = (
				744B3FBD2096EDC40079D28F /* TableView Test */,
			);
		};
/* End PBXProject section */

/* Begin PBXResourcesBuildPhase section */
		744B3FBC2096EDC40079D28F /* Resources */ = {
			isa = PBXResourcesBuildPhase;
			buildActionMask = 2147483647;
			files = (
				744B3FD82096F5A40079D28F /* frame2.png in Resources */,
				744B3FDA2096F5A90079D28F /* frame3.png in Resources */,
				744B3FCC2096EDC40079D28F /* LaunchScreen.storyboard in Resources */,
				744B3FD62096F59F0079D28F /* frame1.png in Resources */,
				744B3FC92096EDC40079D28F /* Assets.xcassets in Resources */,
				744B3FC72096EDC40079D28F /* Main.storyboard in Resources */,
			);
			runOnlyForDeploymentPostprocessing = 0;
		};
/* End PBXResourcesBuildPhase section */

/* Begin PBXSourcesBuildPhase section */
		744B3FBA2096EDC40079D28F /* Sources */ = {
			isa = PBXSourcesBuildPhase;
			buildActionMask = 2147483647;
			files = (
				744B3FC42096EDC40079D28F /* ViewController.swift in Sources */,
				744B3FC22096EDC40079D28F /* AppDelegate.swift in Sources */,
			);
			runOnlyForDeploymentPostprocessing = 0;
		};
/* End PBXSourcesBuildPhase section */

/* Begin PBXVariantGroup section */
		744B3FC52096EDC40079D28F /* Main.storyboard */ = {
			isa = PBXVariantGroup;
			children = (
				744B3FC62096EDC40079D28F /* Base */,
			);
			name = Main.storyboard;
			sourceTree = "<group>";
		};
		744B3FCA2096EDC40079D28F /* LaunchScreen.storyboard */ = {
			isa = PBXVariantGroup;
			children = (
				744B3FCB2096EDC40079D28F /* Base */,
			);
			name = LaunchScreen.storyboard;
			sourceTree = "<group>";
		};
/* End PBXVariantGroup section */

/* Begin XCBuildConfiguration section */
		744B3FCE2096EDC40079D28F /* Debug */ = {
			isa = XCBuildConfiguration;
			buildSettings = {
				ALWAYS_SEARCH_USER_PATHS = NO;
				CLANG_ANALYZER_NONNULL = YES;
				CLANG_ANALYZER_NUMBER_OBJECT_CONVERSION = YES_AGGRESSIVE;
				CLANG_CXX_LANGUAGE_STANDARD = "gnu++14";
				CLANG_CXX_LIBRARY = "libc++";
				CLANG_ENABLE_MODULES = YES;
				CLANG_ENABLE_OBJC_ARC = YES;
				CLANG_WARN_BLOCK_CAPTURE_AUTORELEASING = YES;
				CLANG_WARN_BOOL_CONVERSION = YES;
				CLANG_WARN_COMMA = YES;
				CLANG_WARN_CONSTANT_CONVERSION = YES;
				CLANG_WARN_DIRECT_OBJC_ISA_USAGE = YES_ERROR;
				CLANG_WARN_DOCUMENTATION_COMMENTS = YES;
				CLANG_WARN_EMPTY_BODY = YES;
				CLANG_WARN_ENUM_CONVERSION = YES;
				CLANG_WARN_INFINITE_RECURSION = YES;
				CLANG_WARN_INT_CONVERSION = YES;
				CLANG_WARN_NON_LITERAL_NULL_CONVERSION = YES;
				CLANG_WARN_OBJC_LITERAL_CONVERSION = YES;
				CLANG_WARN_OBJC_ROOT_CLASS = YES_ERROR;
				CLANG_WARN_RANGE_LOOP_ANALYSIS = YES;
				CLANG_WARN_STRICT_PROTOTYPES = YES;
				CLANG_WARN_SUSPICIOUS_MOVE = YES;
				CLANG_WARN_UNGUARDED_AVAILABILITY = YES_AGGRESSIVE;
				CLANG_WARN_UNREACHABLE_CODE = YES;
				CLANG_WARN__DUPLICATE_METHOD_MATCH = YES;
				CODE_SIGN_IDENTITY = "iPhone Developer";
				COPY_PHASE_STRIP = NO;
				DEBUG_INFORMATION_FORMAT = dwarf;
				ENABLE_STRICT_OBJC_MSGSEND = YES;
				ENABLE_TESTABILITY = YES;
				GCC_C_LANGUAGE_STANDARD = gnu11;
				GCC_DYNAMIC_NO_PIC = NO;
				GCC_NO_COMMON_BLOCKS = YES;
				GCC_OPTIMIZATION_LEVEL = 0;
				GCC_PREPROCESSOR_DEFINITIONS = (
					"DEBUG=1",
					"$(inherited)",
				);
				GCC_WARN_64_TO_32_BIT_CONVERSION = YES;
				GCC_WARN_ABOUT_RETURN_TYPE = YES_ERROR;
				GCC_WARN_UNDECLARED_SELECTOR = YES;
				GCC_WARN_UNINITIALIZED_AUTOS = YES_AGGRESSIVE;
				GCC_WARN_UNUSED_FUNCTION = YES;
				GCC_WARN_UNUSED_VARIABLE = YES;
				IPHONEOS_DEPLOYMENT_TARGET = 11.2;
				MTL_ENABLE_DEBUG_INFO = YES;
				ONLY_ACTIVE_ARCH = YES;
				SDKROOT = iphoneos;
				SWIFT_ACTIVE_COMPILATION_CONDITIONS = DEBUG;
				SWIFT_OPTIMIZATION_LEVEL = "-Onone";
			};
			name = Debug;
		};
		744B3FCF2096EDC40079D28F /* Release */ = {
			isa = XCBuildConfiguration;
			buildSettings = {
				ALWAYS_SEARCH_USER_PATHS = NO;
				CLANG_ANALYZER_NONNULL = YES;
				CLANG_ANALYZER_NUMBER_OBJECT_CONVERSION = YES_AGGRESSIVE;
				CLANG_CXX_LANGUAGE_STANDARD = "gnu++14";
				CLANG_CXX_LIBRARY = "libc++";
				CLANG_ENABLE_MODULES = YES;
				CLANG_ENABLE_OBJC_ARC = YES;
				CLANG_WARN_BLOCK_CAPTURE_AUTORELEASING = YES;
				CLANG_WARN_BOOL_CONVERSION = YES;
				CLANG_WARN_COMMA = YES;
				CLANG_WARN_CONSTANT_CONVERSION = YES;
				CLANG_WARN_DIRECT_OBJC_ISA_USAGE = YES_ERROR;
				CLANG_WARN_DOCUMENTATION_COMMENTS = YES;
				CLANG_WARN_EMPTY_BODY = YES;
				CLANG_WARN_ENUM_CONVERSION = YES;
				CLANG_WARN_INFINITE_RECURSION = YES;
				CLANG_WARN_INT_CONVERSION = YES;
				CLANG_WARN_NON_LITERAL_NULL_CONVERSION = YES;
				CLANG_WARN_OBJC_LITERAL_CONVERSION = YES;
				CLANG_WARN_OBJC_ROOT_CLASS = YES_ERROR;
				CLANG_WARN_RANGE_LOOP_ANALYSIS = YES;
				CLANG_WARN_STRICT_PROTOTYPES = YES;
				CLANG_WARN_SUSPICIOUS_MOVE = YES;
				CLANG_WARN_UNGUARDED_AVAILABILITY = YES_AGGRESSIVE;
				CLANG_WARN_UNREACHABLE_CODE = YES;
				CLANG_WARN__DUPLICATE_METHOD_MATCH = YES;
				CODE_SIGN_IDENTITY = "iPhone Developer";
				COPY_PHASE_STRIP = NO;
				DEBUG_INFORMATION_FORMAT = "dwarf-with-dsym";
				ENABLE_NS_ASSERTIONS = NO;
				ENABLE_STRICT_OBJC_MSGSEND = YES;
				GCC_C_LANGUAGE_STANDARD = gnu11;
				GCC_NO_COMMON_BLOCKS = YES;
				GCC_WARN_64_TO_32_BIT_CONVERSION = YES;
				GCC_WARN_ABOUT_RETURN_TYPE = YES_ERROR;
				GCC_WARN_UNDECLARED_SELECTOR = YES;
				GCC_WARN_UNINITIALIZED_AUTOS = YES_AGGRESSIVE;
				GCC_WARN_UNUSED_FUNCTION = YES;
				GCC_WARN_UNUSED_VARIABLE = YES;
				IPHONEOS_DEPLOYMENT_TARGET = 11.2;
				MTL_ENABLE_DEBUG_INFO = NO;
				SDKROOT = iphoneos;
				SWIFT_OPTIMIZATION_LEVEL = "-Owholemodule";
				VALIDATE_PRODUCT = YES;
			};
			name = Release;
		};
		744B3FD12096EDC40079D28F /* Debug */ = {
			isa = XCBuildConfiguration;
			buildSettings = {
				ASSETCATALOG_COMPILER_APPICON_NAME = AppIcon;
				CODE_SIGN_STYLE = Automatic;
				INFOPLIST_FILE = "TableView Test/Info.plist";
				LD_RUNPATH_SEARCH_PATHS = "$(inherited) @executable_path/Frameworks";
				PRODUCT_BUNDLE_IDENTIFIER = "dit.TableView-Test";
				PRODUCT_NAME = "$(TARGET_NAME)";
				SWIFT_VERSION = 4.0;
				TARGETED_DEVICE_FAMILY = "1,2";
			};
			name = Debug;
		};
		744B3FD22096EDC40079D28F /* Release */ = {
			isa = XCBuildConfiguration;
			buildSettings = {
				ASSETCATALOG_COMPILER_APPICON_NAME = AppIcon;
				CODE_SIGN_STYLE = Automatic;
				INFOPLIST_FILE = "TableView Test/Info.plist";
				LD_RUNPATH_SEARCH_PATHS = "$(inherited) @executable_path/Frameworks";
				PRODUCT_BUNDLE_IDENTIFIER = "dit.TableView-Test";
				PRODUCT_NAME = "$(TARGET_NAME)";
				SWIFT_VERSION = 4.0;
				TARGETED_DEVICE_FAMILY = "1,2";
			};
			name = Release;
		};
/* End XCBuildConfiguration section */

/* Begin XCConfigurationList section */
		744B3FB92096EDC40079D28F /* Build configuration list for PBXProject "TableView Test" */ = {
			isa = XCConfigurationList;
			buildConfigurations = (
				744B3FCE2096EDC40079D28F /* Debug */,
				744B3FCF2096EDC40079D28F /* Release */,
			);
			defaultConfigurationIsVisible = 0;
			defaultConfigurationName = Release;
		};
		744B3FD02096EDC40079D28F /* Build configuration list for PBXNativeTarget "TableView Test" */ = {
			isa = XCConfigurationList;
			buildConfigurations = (
				744B3FD12096EDC40079D28F /* Debug */,
				744B3FD22096EDC40079D28F /* Release */,
			);
			defaultConfigurationIsVisible = 0;
			defaultConfigurationName = Release;
		};
/* End XCConfigurationList section */
	};
	rootObject = 744B3FB62096EDC40079D28F /* Project object */;
}
